
Microsoft Visual Studio Solution File, Format Version 12.00
# Visual Studio Version 17
VisualStudioVersion = 17.2.32526.322
MinimumVisualStudioVersion = 10.0.40219.1
Project("{9A19103F-16F7-4668-BE54-9A1E7A4F7556}") = "edc-popover-dotnet", "edc-popover-dotnet\edc-popover-dotnet.csproj", "{CE0B61E3-0D98-4719-B582-5339D809F360}"
EndProject
Project("{FAE04EC0-301F-11D3-BF4B-00C04F79EFBC}") = "edc-popover-dotnet-example-app", "edc-popover-dotnet-example-app\edc-popover-dotnet-example-app.csproj", "{E941F4A2-4536-4954-9D01-DFFB931FD9AE}"
EndProject
Global
	GlobalSection(SolutionConfigurationPlatforms) = preSolution
		Debug|Any CPU = Debug|Any CPU
		Release|Any CPU = Release|Any CPU
	EndGlobalSection
	GlobalSection(ProjectConfigurationPlatforms) = postSolution
		{CE0B61E3-0D98-4719-B582-5339D809F360}.Debug|Any CPU.ActiveCfg = Debug|Any CPU
		{CE0B61E3-0D98-4719-B582-5339D809F360}.Debug|Any CPU.Build.0 = Debug|Any CPU
		{CE0B61E3-0D98-4719-B582-5339D809F360}.Release|Any CPU.ActiveCfg = Release|Any CPU
		{CE0B61E3-0D98-4719-B582-5339D809F360}.Release|Any CPU.Build.0 = Release|Any CPU
		{E941F4A2-4536-4954-9D01-DFFB931FD9AE}.Debug|Any CPU.ActiveCfg = Debug|Any CPU
		{E941F4A2-4536-4954-9D01-DFFB931FD9AE}.Debug|Any CPU.Build.0 = Debug|Any CPU
		{E941F4A2-4536-4954-9D01-DFFB931FD9AE}.Release|Any CPU.ActiveCfg = Release|Any CPU
		{E941F4A2-4536-4954-9D01-DFFB931FD9AE}.Release|Any CPU.Build.0 = Release|Any CPU
	EndGlobalSection
	GlobalSection(SolutionProperties) = preSolution
		HideSolutionNode = FALSE
	EndGlobalSection
	GlobalSection(ExtensibilityGlobals) = postSolution
		SolutionGuid = {66446286-94FF-4E41-9CE4-DDF8DA31419A}
	EndGlobalSection
EndGlobal
